# @generated - this file is auto-generated by `mise lock` https://mise.en.dev/dev-tools/mise-lock.html

[[tools.buf]]
version = "1.72.0"
backend = "aqua:bufbuild/buf"

[tools.buf."platforms.macos-arm64"]
checksum = "sha256:be040ae0ca381103dfda68a36738695c4db3e48de8e91412acdc3d991f39b91e"
url = "https://github.com/bufbuild/buf/releases/download/v1.72.0/buf-Darwin-arm64.tar.gz"

[[tools.go]]
version = "1.26.5"
backend = "core:go"

[tools.go."platforms.macos-arm64"]
checksum = "sha256:efb87ff28af9a188d0536ef5d42e63dd52ba8263cd7344a993cc48dd11dedb6a"
url = "https://dl.google.com/go/go1.26.5.darwin-arm64.tar.gz"

[[tools.jq]]
version = "1.8.2"
backend = "aqua:jqlang/jq"

[tools.jq."platforms.macos-arm64"]
checksum = "sha256:2d75340ba57a4b4b4c8708a21c2dc8e958a48aaa8bba13b27f77f6e4c0eca07e"
url = "https://github.com/jqlang/jq/releases/download/jq-1.8.2/jq-macos-arm64"
provenance = "github-attestations"

[[tools.node]]
version = "24.18.0"
backend = "core:node"

[tools.node."platforms.macos-arm64"]
checksum = "sha256:e1a97e14c99c803e96c7339403282ea05a499c32f8d83defe9ef5ec66f979ed1"
url = "https://nodejs.org/dist/v24.18.0/node-v24.18.0-darwin-arm64.tar.gz"

[[tools.pkl]]
version = "0.31.1"
backend = "aqua:apple/pkl"

[tools.pkl."platforms.macos-arm64"]
checksum = "sha256:1b6a5438d9624cd2798a7530721bbbfa27ef72efe5c878a1b6c546c6e7ca0e8f"
url = "https://github.com/apple/pkl/releases/download/0.31.1/pkl-macos-aarch64"

[[tools.python]]
version = "3.14.5"
backend = "core:python"

[tools.python."platforms.macos-arm64"]
checksum = "sha256:3a0373cc39fefd494754ef555267f245c720cddbaaabf63a7c9a4269f1e56532"
url = "https://github.com/astral-sh/python-build-standalone/releases/download/20260602/cpython-3.14.5+20260602-aarch64-apple-darwin-install_only_stripped.tar.gz"
provenance = "github-attestations"

[[tools.swiftlint]]
version = "0.65.0"
backend = "aqua:realm/SwiftLint"

[tools.swiftlint."platforms.macos-arm64"]
checksum = "sha256:d6cb0aa7a2f5f1ef306fc9e37bcb54dc9a26facc8f7784ac0c3dd3eccf5c6ba6"
url = "https://github.com/realm/SwiftLint/releases/download/0.65.0/portable_swiftlint.zip"
